
Microsoft Visual Studio Solution File, Format Version 12.00
# Visual Studio Version 17
VisualStudioVersion = 17.2.32602.215
MinimumVisualStudioVersion = 10.0.40219.1
Project("{FAE04EC0-301F-11D3-BF4B-00C04F79EFBC}") = "CSharp-SQL-App", "CSharp-SQL-App.csproj", "{EBBBC89F-EC4C-498E-B688-FD2A177541F0}"
EndProject
Global
	GlobalSection(SolutionConfigurationPlatforms) = preSolution
		Debug|Any CPU = Debug|Any CPU
		Release|Any CPU = Release|Any CPU
	EndGlobalSection
	GlobalSection(ProjectConfigurationPlatforms) = postSolution
		{EBBBC89F-EC4C-498E-B688-FD2A177541F0}.Debug|Any CPU.ActiveCfg = Debug|Any CPU
		{EBBBC89F-EC4C-498E-B688-FD2A177541F0}.Debug|Any CPU.Build.0 = Debug|Any CPU
		{EBBBC89F-EC4C-498E-B688-FD2A177541F0}.Release|Any CPU.ActiveCfg = Release|Any CPU
		{EBBBC89F-EC4C-498E-B688-FD2A177541F0}.Release|Any CPU.Build.0 = Release|Any CPU
	EndGlobalSection
	GlobalSection(SolutionProperties) = preSolution
		HideSolutionNode = FALSE
	EndGlobalSection
	GlobalSection(ExtensibilityGlobals) = postSolution
		SolutionGuid = {3502179F-8617-4826-9ACB-14BD32817D1D}
	EndGlobalSection
EndGlobal
